
Microsoft Visual Studio Solution File, Format Version 12.00
# Visual Studio Version 17
VisualStudioVersion = 17.12.35506.116
MinimumVisualStudioVersion = 10.0.40219.1
Project("{FAE04EC0-301F-11D3-BF4B-00C04F79EFBC}") = "VikaBD.Server", "VikaBD.Server\VikaBD.Server.csproj", "{232C5232-6583-4C8A-AC79-EB6AF45C2F10}"
EndProject
Project("{54A90642-561A-4BB1-A94E-469ADEE60C69}") = "vikabd.client", "vikabd.client\vikabd.client.esproj", "{0C3385FA-61D2-4155-AE33-F277A20DB063}"
EndProject
Project("{FAE04EC0-301F-11D3-BF4B-00C04F79EFBC}") = "VikaBD.KeyGenerator", "VikaBD.KeyGenerator\VikaBD.KeyGenerator.csproj", "{4DAD2F3C-2C2D-4CB1-B7C0-06C43CC02BCD}"
EndProject
Global
	GlobalSection(SolutionConfigurationPlatforms) = preSolution
		Debug|Any CPU = Debug|Any CPU
		Release|Any CPU = Release|Any CPU
	EndGlobalSection
	GlobalSection(ProjectConfigurationPlatforms) = postSolution
		{232C5232-6583-4C8A-AC79-EB6AF45C2F10}.Debug|Any CPU.ActiveCfg = Debug|Any CPU
		{232C5232-6583-4C8A-AC79-EB6AF45C2F10}.Debug|Any CPU.Build.0 = Debug|Any CPU
		{232C5232-6583-4C8A-AC79-EB6AF45C2F10}.Release|Any CPU.ActiveCfg = Release|Any CPU
		{232C5232-6583-4C8A-AC79-EB6AF45C2F10}.Release|Any CPU.Build.0 = Release|Any CPU
		{0C3385FA-61D2-4155-AE33-F277A20DB063}.Debug|Any CPU.ActiveCfg = Debug|Any CPU
		{0C3385FA-61D2-4155-AE33-F277A20DB063}.Debug|Any CPU.Build.0 = Debug|Any CPU
		{0C3385FA-61D2-4155-AE33-F277A20DB063}.Debug|Any CPU.Deploy.0 = Debug|Any CPU
		{0C3385FA-61D2-4155-AE33-F277A20DB063}.Release|Any CPU.ActiveCfg = Release|Any CPU
		{0C3385FA-61D2-4155-AE33-F277A20DB063}.Release|Any CPU.Build.0 = Release|Any CPU
		{0C3385FA-61D2-4155-AE33-F277A20DB063}.Release|Any CPU.Deploy.0 = Release|Any CPU
		{4DAD2F3C-2C2D-4CB1-B7C0-06C43CC02BCD}.Debug|Any CPU.ActiveCfg = Debug|Any CPU
		{4DAD2F3C-2C2D-4CB1-B7C0-06C43CC02BCD}.Debug|Any CPU.Build.0 = Debug|Any CPU
		{4DAD2F3C-2C2D-4CB1-B7C0-06C43CC02BCD}.Release|Any CPU.ActiveCfg = Release|Any CPU
		{4DAD2F3C-2C2D-4CB1-B7C0-06C43CC02BCD}.Release|Any CPU.Build.0 = Release|Any CPU
	EndGlobalSection
	GlobalSection(SolutionProperties) = preSolution
		HideSolutionNode = FALSE
	EndGlobalSection
EndGlobal
